
Microsoft Visual Studio Solution File, Format Version 12.00
# Visual Studio Version 16
VisualStudioVersion = 16.0.30907.101
MinimumVisualStudioVersion = 10.0.40219.1
Project("{FAE04EC0-301F-11D3-BF4B-00C04F79EFBC}") = "Tarea1P3_AbrirlExcel", "Tarea1P3_AbrirlExcel\Tarea1P3_AbrirlExcel.csproj", "{F1A35290-891C-4CDE-AFA9-2E5EF7D8C05B}"
EndProject
Global
	GlobalSection(SolutionConfigurationPlatforms) = preSolution
		Debug|Any CPU = Debug|Any CPU
		Release|Any CPU = Release|Any CPU
	EndGlobalSection
	GlobalSection(ProjectConfigurationPlatforms) = postSolution
		{F1A35290-891C-4CDE-AFA9-2E5EF7D8C05B}.Debug|Any CPU.ActiveCfg = Debug|Any CPU
		{F1A35290-891C-4CDE-AFA9-2E5EF7D8C05B}.Debug|Any CPU.Build.0 = Debug|Any CPU
		{F1A35290-891C-4CDE-AFA9-2E5EF7D8C05B}.Release|Any CPU.ActiveCfg = Release|Any CPU
		{F1A35290-891C-4CDE-AFA9-2E5EF7D8C05B}.Release|Any CPU.Build.0 = Release|Any CPU
	EndGlobalSection
	GlobalSection(SolutionProperties) = preSolution
		HideSolutionNode = FALSE
	EndGlobalSection
	GlobalSection(ExtensibilityGlobals) = postSolution
		SolutionGuid = {5D4BD667-E1AD-4BE2-9274-37194C68DA1A}
	EndGlobalSection
EndGlobal
